
Microsoft Visual Studio Solution File, Format Version 12.00
# Visual Studio Version 16
VisualStudioVersion = 16.0.31229.75
MinimumVisualStudioVersion = 10.0.40219.1
Project("{9092AA53-FB77-4645-B42D-1CCCA6BD08BD}") = "NodejsConsoleApp2", "NodejsConsoleApp2.njsproj", "{D61CE8EA-E52C-4A4E-A36B-0F2E75B00C8A}"
EndProject
Global
	GlobalSection(SolutionConfigurationPlatforms) = preSolution
		Debug|Any CPU = Debug|Any CPU
		Release|Any CPU = Release|Any CPU
	EndGlobalSection
	GlobalSection(ProjectConfigurationPlatforms) = postSolution
		{D61CE8EA-E52C-4A4E-A36B-0F2E75B00C8A}.Debug|Any CPU.ActiveCfg = Debug|Any CPU
		{D61CE8EA-E52C-4A4E-A36B-0F2E75B00C8A}.Debug|Any CPU.Build.0 = Debug|Any CPU
		{D61CE8EA-E52C-4A4E-A36B-0F2E75B00C8A}.Release|Any CPU.ActiveCfg = Release|Any CPU
		{D61CE8EA-E52C-4A4E-A36B-0F2E75B00C8A}.Release|Any CPU.Build.0 = Release|Any CPU
	EndGlobalSection
	GlobalSection(SolutionProperties) = preSolution
		HideSolutionNode = FALSE
	EndGlobalSection
	GlobalSection(ExtensibilityGlobals) = postSolution
		SolutionGuid = {89611702-99AB-4A9A-9CE9-07641FCFA63C}
	EndGlobalSection
EndGlobal
